// !$*UTF8*$!
{
	archiveVersion = 1;
	classes = {
	};
	objectVersion = 46;
	objects = {

/* Begin PBXBuildFile section */
		920698591D9CA9E000B2141A /* SearchRestaurantsViewController.swift in Sources */ = {isa = PBXBuildFile; fileRef = 920698581D9CA9E000B2141A /* SearchRestaurantsViewController.swift */; };
		9236987A1D9B204200668B47 /* AppDelegate.swift in Sources */ = {isa = PBXBuildFile; fileRef = 923698791D9B204200668B47 /* AppDelegate.swift */; };
		9236987C1D9B204200668B47 /* SearchMapViewController.swift in Sources */ = {isa = PBXBuildFile; fileRef = 9236987B1D9B204200668B47 /* SearchMapViewController.swift */; };
		9236987F1D9B204200668B47 /* Main.storyboard in Resources */ = {isa = PBXBuildFile; fileRef = 9236987D1D9B204200668B47 /* Main.storyboard */; };
		923698821D9B204200668B47 /* iOS_Project.xcdatamodeld in Sources */ = {isa = PBXBuildFile; fileRef = 923698801D9B204200668B47 /* iOS_Project.xcdatamodeld */; };
		923698841D9B204200668B47 /* Assets.xcassets in Resources */ = {isa = PBXBuildFile; fileRef = 923698831D9B204200668B47 /* Assets.xcassets */; };
		923698871D9B204200668B47 /* LaunchScreen.storyboard in Resources */ = {isa = PBXBuildFile; fileRef = 923698851D9B204200668B47 /* LaunchScreen.storyboard */; };
		923698921D9B204200668B47 /* iOS_ProjectTests.swift in Sources */ = {isa = PBXBuildFile; fileRef = 923698911D9B204200668B47 /* iOS_ProjectTests.swift */; };
		9236989D1D9B204200668B47 /* iOS_ProjectUITests.swift in Sources */ = {isa = PBXBuildFile; fileRef = 9236989C1D9B204200668B47 /* iOS_ProjectUITests.swift */; };
		92B46EF31D9D6CA3004B5B4D /* PartnerPin.swift in Sources */ = {isa = PBXBuildFile; fileRef = 92B46EF21D9D6CA3004B5B4D /* PartnerPin.swift */; };
		92B46EF51D9D793B004B5B4D /* RequestMeetingViewController.swift in Sources */ = {isa = PBXBuildFile; fileRef = 92B46EF41D9D793B004B5B4D /* RequestMeetingViewController.swift */; };
		92DAE21D1D9DB9B100C00BA8 /* LoginViewController.swift in Sources */ = {isa = PBXBuildFile; fileRef = 92DAE21C1D9DB9B100C00BA8 /* LoginViewController.swift */; };
		92DAE21F1D9DB9BB00C00BA8 /* RegisterViewController.swift in Sources */ = {isa = PBXBuildFile; fileRef = 92DAE21E1D9DB9BB00C00BA8 /* RegisterViewController.swift */; };
		BA34FBC01D9C710C00D23DA2 /* CancelButtonDelegate.swift in Sources */ = {isa = PBXBuildFile; fileRef = BA34FBBF1D9C710C00D23DA2 /* CancelButtonDelegate.swift */; };
		BA34FBC21D9C719F00D23DA2 /* RadiusViewController.swift in Sources */ = {isa = PBXBuildFile; fileRef = BA34FBC11D9C719F00D23DA2 /* RadiusViewController.swift */; };
		BA34FBC41D9C71F900D23DA2 /* RadiusViewControllerDelegate.swift in Sources */ = {isa = PBXBuildFile; fileRef = BA34FBC31D9C71F900D23DA2 /* RadiusViewControllerDelegate.swift */; };
		BA34FBC61D9C7DB200D23DA2 /* UserAnnotation.swift in Sources */ = {isa = PBXBuildFile; fileRef = BA34FBC51D9C7DB200D23DA2 /* UserAnnotation.swift */; };
		BA34FBC81D9C83A200D23DA2 /* SelectRestaurantsTableViewController.swift in Sources */ = {isa = PBXBuildFile; fileRef = BA34FBC71D9C83A200D23DA2 /* SelectRestaurantsTableViewController.swift */; };
		BA64E7221D9C2D9700F090A8 /* User.swift in Sources */ = {isa = PBXBuildFile; fileRef = BA64E7211D9C2D9700F090A8 /* User.swift */; };
/* End PBXBuildFile section */

/* Begin PBXContainerItemProxy section */
		9236988E1D9B204200668B47 /* PBXContainerItemProxy */ = {
			isa = PBXContainerItemProxy;
			containerPortal = 9236986E1D9B204200668B47 /* Project object */;
			proxyType = 1;
			remoteGlobalIDString = 923698751D9B204200668B47;
			remoteInfo = iOS_Project;
		};
		923698991D9B204200668B47 /* PBXContainerItemProxy */ = {
			isa = PBXContainerItemProxy;
			containerPortal = 9236986E1D9B204200668B47 /* Project object */;
			proxyType = 1;
			remoteGlobalIDString = 923698751D9B204200668B47;
			remoteInfo = iOS_Project;
		};
/* End PBXContainerItemProxy section */

/* Begin PBXFileReference section */
		920698581D9CA9E000B2141A /* SearchRestaurantsViewController.swift */ = {isa = PBXFileReference; fileEncoding = 4; lastKnownFileType = sourcecode.swift; path = SearchRestaurantsViewController.swift; sourceTree = "<group>"; };
		923698761D9B204200668B47 /* iOS_Project.app */ = {isa = PBXFileReference; explicitFileType = wrapper.application; includeInIndex = 0; path = iOS_Project.app; sourceTree = BUILT_PRODUCTS_DIR; };
		923698791D9B204200668B47 /* AppDelegate.swift */ = {isa = PBXFileReference; lastKnownFileType = sourcecode.swift; path = AppDelegate.swift; sourceTree = "<group>"; };
		9236987B1D9B204200668B47 /* SearchMapViewController.swift */ = {isa = PBXFileReference; lastKnownFileType = sourcecode.swift; path = SearchMapViewController.swift; sourceTree = "<group>"; };
		9236987E1D9B204200668B47 /* Base */ = {isa = PBXFileReference; lastKnownFileType = file.storyboard; name = Base; path = Base.lproj/Main.storyboard; sourceTree = "<group>"; };
		923698811D9B204200668B47 /* iOS_Project.xcdatamodel */ = {isa = PBXFileReference; lastKnownFileType = wrapper.xcdatamodel; path = iOS_Project.xcdatamodel; sourceTree = "<group>"; };
		923698831D9B204200668B47 /* Assets.xcassets */ = {isa = PBXFileReference; lastKnownFileType = folder.assetcatalog; path = Assets.xcassets; sourceTree = "<group>"; };
		923698861D9B204200668B47 /* Base */ = {isa = PBXFileReference; lastKnownFileType = file.storyboard; name = Base; path = Base.lproj/LaunchScreen.storyboard; sourceTree = "<group>"; };
		923698881D9B204200668B47 /* Info.plist */ = {isa = PBXFileReference; lastKnownFileType = text.plist.xml; path = Info.plist; sourceTree = "<group>"; };
		9236988D1D9B204200668B47 /* iOS_ProjectTests.xctest */ = {isa = PBXFileReference; explicitFileType = wrapper.cfbundle; includeInIndex = 0; path = iOS_ProjectTests.xctest; sourceTree = BUILT_PRODUCTS_DIR; };
		923698911D9B204200668B47 /* iOS_ProjectTests.swift */ = {isa = PBXFileReference; lastKnownFileType = sourcecode.swift; path = iOS_ProjectTests.swift; sourceTree = "<group>"; };
		923698931D9B204200668B47 /* Info.plist */ = {isa = PBXFileReference; lastKnownFileType = text.plist.xml; path = Info.plist; sourceTree = "<group>"; };
		923698981D9B204200668B47 /* iOS_ProjectUITests.xctest */ = {isa = PBXFileReference; explicitFileType = wrapper.cfbundle; includeInIndex = 0; path = iOS_ProjectUITests.xctest; sourceTree = BUILT_PRODUCTS_DIR; };
		9236989C1D9B204200668B47 /* iOS_ProjectUITests.swift */ = {isa = PBXFileReference; lastKnownFileType = sourcecode.swift; path = iOS_ProjectUITests.swift; sourceTree = "<group>"; };
		9236989E1D9B204200668B47 /* Info.plist */ = {isa = PBXFileReference; lastKnownFileType = text.plist.xml; path = Info.plist; sourceTree = "<group>"; };
		92B46EF21D9D6CA3004B5B4D /* PartnerPin.swift */ = {isa = PBXFileReference; fileEncoding = 4; lastKnownFileType = sourcecode.swift; path = PartnerPin.swift; sourceTree = "<group>"; };
		92B46EF41D9D793B004B5B4D /* RequestMeetingViewController.swift */ = {isa = PBXFileReference; fileEncoding = 4; lastKnownFileType = sourcecode.swift; path = RequestMeetingViewController.swift; sourceTree = "<group>"; };
		92DAE21C1D9DB9B100C00BA8 /* LoginViewController.swift */ = {isa = PBXFileReference; fileEncoding = 4; lastKnownFileType = sourcecode.swift; path = LoginViewController.swift; sourceTree = "<group>"; };
		92DAE21E1D9DB9BB00C00BA8 /* RegisterViewController.swift */ = {isa = PBXFileReference; fileEncoding = 4; lastKnownFileType = sourcecode.swift; path = RegisterViewController.swift; sourceTree = "<group>"; };
		BA34FBBF1D9C710C00D23DA2 /* CancelButtonDelegate.swift */ = {isa = PBXFileReference; fileEncoding = 4; lastKnownFileType = sourcecode.swift; path = CancelButtonDelegate.swift; sourceTree = "<group>"; };
		BA34FBC11D9C719F00D23DA2 /* RadiusViewController.swift */ = {isa = PBXFileReference; fileEncoding = 4; lastKnownFileType = sourcecode.swift; path = RadiusViewController.swift; sourceTree = "<group>"; };
		BA34FBC31D9C71F900D23DA2 /* RadiusViewControllerDelegate.swift */ = {isa = PBXFileReference; fileEncoding = 4; lastKnownFileType = sourcecode.swift; path = RadiusViewControllerDelegate.swift; sourceTree = "<group>"; };
		BA34FBC51D9C7DB200D23DA2 /* UserAnnotation.swift */ = {isa = PBXFileReference; fileEncoding = 4; lastKnownFileType = sourcecode.swift; path = UserAnnotation.swift; sourceTree = "<group>"; };
		BA34FBC71D9C83A200D23DA2 /* SelectRestaurantsTableViewController.swift */ = {isa = PBXFileReference; fileEncoding = 4; lastKnownFileType = sourcecode.swift; path = SelectRestaurantsTableViewController.swift; sourceTree = "<group>"; };
		BA64E7211D9C2D9700F090A8 /* User.swift */ = {isa = PBXFileReference; fileEncoding = 4; lastKnownFileType = sourcecode.swift; name = User.swift; path = ../User.swift; sourceTree = "<group>"; };
/* End PBXFileReference section */

/* Begin PBXFrameworksBuildPhase section */
		923698731D9B204200668B47 /* Frameworks */ = {
			isa = PBXFrameworksBuildPhase;
			buildActionMask = 2147483647;
			files = (
			);
			runOnlyForDeploymentPostprocessing = 0;
		};
		9236988A1D9B204200668B47 /* Frameworks */ = {
			isa = PBXFrameworksBuildPhase;
			buildActionMask = 2147483647;
			files = (
			);
			runOnlyForDeploymentPostprocessing = 0;
		};
		923698951D9B204200668B47 /* Frameworks */ = {
			isa = PBXFrameworksBuildPhase;
			buildActionMask = 2147483647;
			files = (
			);
			runOnlyForDeploymentPostprocessing = 0;
		};
/* End PBXFrameworksBuildPhase section */

/* Begin PBXGroup section */
		9236986D1D9B204200668B47 = {
			isa = PBXGroup;
			children = (
				923698781D9B204200668B47 /* iOS_Project */,
				923698901D9B204200668B47 /* iOS_ProjectTests */,
				9236989B1D9B204200668B47 /* iOS_ProjectUITests */,
				923698771D9B204200668B47 /* Products */,
			);
			sourceTree = "<group>";
		};
		923698771D9B204200668B47 /* Products */ = {
			isa = PBXGroup;
			children = (
				923698761D9B204200668B47 /* iOS_Project.app */,
				9236988D1D9B204200668B47 /* iOS_ProjectTests.xctest */,
				923698981D9B204200668B47 /* iOS_ProjectUITests.xctest */,
			);
			name = Products;
			sourceTree = "<group>";
		};
		923698781D9B204200668B47 /* iOS_Project */ = {
			isa = PBXGroup;
			children = (
				9236987D1D9B204200668B47 /* Main.storyboard */,
				92DAE21C1D9DB9B100C00BA8 /* LoginViewController.swift */,
				92DAE21E1D9DB9BB00C00BA8 /* RegisterViewController.swift */,
				92B46EF41D9D793B004B5B4D /* RequestMeetingViewController.swift */,
				92B46EF21D9D6CA3004B5B4D /* PartnerPin.swift */,
				923698791D9B204200668B47 /* AppDelegate.swift */,
				9236987B1D9B204200668B47 /* SearchMapViewController.swift */,
				920698581D9CA9E000B2141A /* SearchRestaurantsViewController.swift */,
				BA34FBC31D9C71F900D23DA2 /* RadiusViewControllerDelegate.swift */,
				BA34FBC11D9C719F00D23DA2 /* RadiusViewController.swift */,
				BA34FBC71D9C83A200D23DA2 /* SelectRestaurantsTableViewController.swift */,
				BA64E7211D9C2D9700F090A8 /* User.swift */,
				BA34FBC51D9C7DB200D23DA2 /* UserAnnotation.swift */,
				BA34FBBF1D9C710C00D23DA2 /* CancelButtonDelegate.swift */,
				923698831D9B204200668B47 /* Assets.xcassets */,
				923698851D9B204200668B47 /* LaunchScreen.storyboard */,
				923698881D9B204200668B47 /* Info.plist */,
				923698801D9B204200668B47 /* iOS_Project.xcdatamodeld */,
			);
			path = iOS_Project;
			sourceTree = "<group>";
		};
		923698901D9B204200668B47 /* iOS_ProjectTests */ = {
			isa = PBXGroup;
			children = (
				923698911D9B204200668B47 /* iOS_ProjectTests.swift */,
				923698931D9B204200668B47 /* Info.plist */,
			);
			path = iOS_ProjectTests;
			sourceTree = "<group>";
		};
		9236989B1D9B204200668B47 /* iOS_ProjectUITests */ = {
			isa = PBXGroup;
			children = (
				9236989C1D9B204200668B47 /* iOS_ProjectUITests.swift */,
				9236989E1D9B204200668B47 /* Info.plist */,
			);
			path = iOS_ProjectUITests;
			sourceTree = "<group>";
		};
/* End PBXGroup section */

/* Begin PBXNativeTarget section */
		923698751D9B204200668B47 /* iOS_Project */ = {
			isa = PBXNativeTarget;
			buildConfigurationList = 923698A11D9B204200668B47 /* Build configuration list for PBXNativeTarget "iOS_Project" */;
			buildPhases = (
				923698721D9B204200668B47 /* Sources */,
				923698731D9B204200668B47 /* Frameworks */,
				923698741D9B204200668B47 /* Resources */,
			);
			buildRules = (
			);
			dependencies = (
			);
			name = iOS_Project;
			productName = iOS_Project;
			productReference = 923698761D9B204200668B47 /* iOS_Project.app */;
			productType = "com.apple.product-type.application";
		};
		9236988C1D9B204200668B47 /* iOS_ProjectTests */ = {
			isa = PBXNativeTarget;
			buildConfigurationList = 923698A41D9B204200668B47 /* Build configuration list for PBXNativeTarget "iOS_ProjectTests" */;
			buildPhases = (
				923698891D9B204200668B47 /* Sources */,
				9236988A1D9B204200668B47 /* Frameworks */,
				9236988B1D9B204200668B47 /* Resources */,
			);
			buildRules = (
			);
			dependencies = (
				9236988F1D9B204200668B47 /* PBXTargetDependency */,
			);
			name = iOS_ProjectTests;
			productName = iOS_ProjectTests;
			productReference = 9236988D1D9B204200668B47 /* iOS_ProjectTests.xctest */;
			productType = "com.apple.product-type.bundle.unit-test";
		};
		923698971D9B204200668B47 /* iOS_ProjectUITests */ = {
			isa = PBXNativeTarget;
			buildConfigurationList = 923698A71D9B204200668B47 /* Build configuration list for PBXNativeTarget "iOS_ProjectUITests" */;
			buildPhases = (
				923698941D9B204200668B47 /* Sources */,
				923698951D9B204200668B47 /* Frameworks */,
				923698961D9B204200668B47 /* Resources */,
			);
			buildRules = (
			);
			dependencies = (
				9236989A1D9B204200668B47 /* PBXTargetDependency */,
			);
			name = iOS_ProjectUITests;
			productName = iOS_ProjectUITests;
			productReference = 923698981D9B204200668B47 /* iOS_ProjectUITests.xctest */;
			productType = "com.apple.product-type.bundle.ui-testing";
		};
/* End PBXNativeTarget section */

/* Begin PBXProject section */
		9236986E1D9B204200668B47 /* Project object */ = {
			isa = PBXProject;
			attributes = {
				LastSwiftUpdateCheck = 0800;
				LastUpgradeCheck = 0800;
				ORGANIZATIONNAME = "Evan Callia";
				TargetAttributes = {
					923698751D9B204200668B47 = {
						CreatedOnToolsVersion = 8.0;
						ProvisioningStyle = Automatic;
					};
					9236988C1D9B204200668B47 = {
						CreatedOnToolsVersion = 8.0;
						ProvisioningStyle = Automatic;
						TestTargetID = 923698751D9B204200668B47;
					};
					923698971D9B204200668B47 = {
						CreatedOnToolsVersion = 8.0;
						ProvisioningStyle = Automatic;
						TestTargetID = 923698751D9B204200668B47;
					};
				};
			};
			buildConfigurationList = 923698711D9B204200668B47 /* Build configuration list for PBXProject "iOS_Project" */;
			compatibilityVersion = "Xcode 3.2";
			developmentRegion = English;
			hasScannedForEncodings = 0;
			knownRegions = (
				en,
				Base,
			);
			mainGroup = 9236986D1D9B204200668B47;
			productRefGroup = 923698771D9B204200668B47 /* Products */;
			projectDirPath = "";
			projectRoot = "";
			targets = (
				923698751D9B204200668B47 /* iOS_Project */,
				9236988C1D9B204200668B47 /* iOS_ProjectTests */,
				923698971D9B204200668B47 /* iOS_ProjectUITests */,
			);
		};
/* End PBXProject section */

/* Begin PBXResourcesBuildPhase section */
		923698741D9B204200668B47 /* Resources */ = {
			isa = PBXResourcesBuildPhase;
			buildActionMask = 2147483647;
			files = (
				923698871D9B204200668B47 /* LaunchScreen.storyboard in Resources */,
				923698841D9B204200668B47 /* Assets.xcassets in Resources */,
				9236987F1D9B204200668B47 /* Main.storyboard in Resources */,
			);
			runOnlyForDeploymentPostprocessing = 0;
		};
		9236988B1D9B204200668B47 /* Resources */ = {
			isa = PBXResourcesBuildPhase;
			buildActionMask = 2147483647;
			files = (
			);
			runOnlyForDeploymentPostprocessing = 0;
		};
		923698961D9B204200668B47 /* Resources */ = {
			isa = PBXResourcesBuildPhase;
			buildActionMask = 2147483647;
			files = (
			);
			runOnlyForDeploymentPostprocessing = 0;
		};
/* End PBXResourcesBuildPhase section */

/* Begin PBXSourcesBuildPhase section */
		923698721D9B204200668B47 /* Sources */ = {
			isa = PBXSourcesBuildPhase;
			buildActionMask = 2147483647;
			files = (
				BA64E7221D9C2D9700F090A8 /* User.swift in Sources */,
				BA34FBC61D9C7DB200D23DA2 /* UserAnnotation.swift in Sources */,
				BA34FBC81D9C83A200D23DA2 /* SelectRestaurantsTableViewController.swift in Sources */,
				9236987C1D9B204200668B47 /* SearchMapViewController.swift in Sources */,
				923698821D9B204200668B47 /* iOS_Project.xcdatamodeld in Sources */,
				92B46EF31D9D6CA3004B5B4D /* PartnerPin.swift in Sources */,
				9236987A1D9B204200668B47 /* AppDelegate.swift in Sources */,
				BA34FBC21D9C719F00D23DA2 /* RadiusViewController.swift in Sources */,
				BA34FBC41D9C71F900D23DA2 /* RadiusViewControllerDelegate.swift in Sources */,
				92DAE21F1D9DB9BB00C00BA8 /* RegisterViewController.swift in Sources */,
				BA34FBC01D9C710C00D23DA2 /* CancelButtonDelegate.swift in Sources */,
				92B46EF51D9D793B004B5B4D /* RequestMeetingViewController.swift in Sources */,
				92DAE21D1D9DB9B100C00BA8 /* LoginViewController.swift in Sources */,
				920698591D9CA9E000B2141A /* SearchRestaurantsViewController.swift in Sources */,
			);
			runOnlyForDeploymentPostprocessing = 0;
		};
		923698891D9B204200668B47 /* Sources */ = {
			isa = PBXSourcesBuildPhase;
			buildActionMask = 2147483647;
			files = (
				923698921D9B204200668B47 /* iOS_ProjectTests.swift in Sources */,
			);
			runOnlyForDeploymentPostprocessing = 0;
		};
		923698941D9B204200668B47 /* Sources */ = {
			isa = PBXSourcesBuildPhase;
			buildActionMask = 2147483647;
			files = (
				9236989D1D9B204200668B47 /* iOS_ProjectUITests.swift in Sources */,
			);
			runOnlyForDeploymentPostprocessing = 0;
		};
/* End PBXSourcesBuildPhase section */

/* Begin PBXTargetDependency section */
		9236988F1D9B204200668B47 /* PBXTargetDependency */ = {
			isa = PBXTargetDependency;
			target = 923698751D9B204200668B47 /* iOS_Project */;
			targetProxy = 9236988E1D9B204200668B47 /* PBXContainerItemProxy */;
		};
		9236989A1D9B204200668B47 /* PBXTargetDependency */ = {
			isa = PBXTargetDependency;
			target = 923698751D9B204200668B47 /* iOS_Project */;
			targetProxy = 923698991D9B204200668B47 /* PBXContainerItemProxy */;
		};
/* End PBXTargetDependency section */

/* Begin PBXVariantGroup section */
		9236987D1D9B204200668B47 /* Main.storyboard */ = {
			isa = PBXVariantGroup;
			children = (
				9236987E1D9B204200668B47 /* Base */,
			);
			name = Main.storyboard;
			sourceTree = "<group>";
		};
		923698851D9B204200668B47 /* LaunchScreen.storyboard */ = {
			isa = PBXVariantGroup;
			children = (
				923698861D9B204200668B47 /* Base */,
			);
			name = LaunchScreen.storyboard;
			sourceTree = "<group>";
		};
/* End PBXVariantGroup section */

/* Begin XCBuildConfiguration section */
		9236989F1D9B204200668B47 /* Debug */ = {
			isa = XCBuildConfiguration;
			buildSettings = {
				ALWAYS_SEARCH_USER_PATHS = NO;
				CLANG_ANALYZER_NONNULL = YES;
				CLANG_CXX_LANGUAGE_STANDARD = "gnu++0x";
				CLANG_CXX_LIBRARY = "libc++";
				CLANG_ENABLE_MODULES = YES;
				CLANG_ENABLE_OBJC_ARC = YES;
				CLANG_WARN_BOOL_CONVERSION = YES;
				CLANG_WARN_CONSTANT_CONVERSION = YES;
				CLANG_WARN_DIRECT_OBJC_ISA_USAGE = YES_ERROR;
				CLANG_WARN_DOCUMENTATION_COMMENTS = YES;
				CLANG_WARN_EMPTY_BODY = YES;
				CLANG_WARN_ENUM_CONVERSION = YES;
				CLANG_WARN_INFINITE_RECURSION = YES;
				CLANG_WARN_INT_CONVERSION = YES;
				CLANG_WARN_OBJC_ROOT_CLASS = YES_ERROR;
				CLANG_WARN_SUSPICIOUS_MOVES = YES;
				CLANG_WARN_UNREACHABLE_CODE = YES;
				CLANG_WARN__DUPLICATE_METHOD_MATCH = YES;
				"CODE_SIGN_IDENTITY[sdk=iphoneos*]" = "iPhone Developer";
				COPY_PHASE_STRIP = NO;
				DEBUG_INFORMATION_FORMAT = dwarf;
				ENABLE_STRICT_OBJC_MSGSEND = YES;
				ENABLE_TESTABILITY = YES;
				GCC_C_LANGUAGE_STANDARD = gnu99;
				GCC_DYNAMIC_NO_PIC = NO;
				GCC_NO_COMMON_BLOCKS = YES;
				GCC_OPTIMIZATION_LEVEL = 0;
				GCC_PREPROCESSOR_DEFINITIONS = (
					"DEBUG=1",
					"$(inherited)",
				);
				GCC_WARN_64_TO_32_BIT_CONVERSION = YES;
				GCC_WARN_ABOUT_RETURN_TYPE = YES_ERROR;
				GCC_WARN_UNDECLARED_SELECTOR = YES;
				GCC_WARN_UNINITIALIZED_AUTOS = YES_AGGRESSIVE;
				GCC_WARN_UNUSED_FUNCTION = YES;
				GCC_WARN_UNUSED_VARIABLE = YES;
				IPHONEOS_DEPLOYMENT_TARGET = 10.0;
				MTL_ENABLE_DEBUG_INFO = YES;
				ONLY_ACTIVE_ARCH = YES;
				SDKROOT = iphoneos;
				SWIFT_ACTIVE_COMPILATION_CONDITIONS = DEBUG;
				SWIFT_OPTIMIZATION_LEVEL = "-Onone";
			};
			name = Debug;
		};
		923698A01D9B204200668B47 /* Release */ = {
			isa = XCBuildConfiguration;
			buildSettings = {
				ALWAYS_SEARCH_USER_PATHS = NO;
				CLANG_ANALYZER_NONNULL = YES;
				CLANG_CXX_LANGUAGE_STANDARD = "gnu++0x";
				CLANG_CXX_LIBRARY = "libc++";
				CLANG_ENABLE_MODULES = YES;
				CLANG_ENABLE_OBJC_ARC = YES;
				CLANG_WARN_BOOL_CONVERSION = YES;
				CLANG_WARN_CONSTANT_CONVERSION = YES;
				CLANG_WARN_DIRECT_OBJC_ISA_USAGE = YES_ERROR;
				CLANG_WARN_DOCUMENTATION_COMMENTS = YES;
				CLANG_WARN_EMPTY_BODY = YES;
				CLANG_WARN_ENUM_CONVERSION = YES;
				CLANG_WARN_INFINITE_RECURSION = YES;
				CLANG_WARN_INT_CONVERSION = YES;
				CLANG_WARN_OBJC_ROOT_CLASS = YES_ERROR;
				CLANG_WARN_SUSPICIOUS_MOVES = YES;
				CLANG_WARN_UNREACHABLE_CODE = YES;
				CLANG_WARN__DUPLICATE_METHOD_MATCH = YES;
				"CODE_SIGN_IDENTITY[sdk=iphoneos*]" = "iPhone Developer";
				COPY_PHASE_STRIP = NO;
				DEBUG_INFORMATION_FORMAT = "dwarf-with-dsym";
				ENABLE_NS_ASSERTIONS = NO;
				ENABLE_STRICT_OBJC_MSGSEND = YES;
				GCC_C_LANGUAGE_STANDARD = gnu99;
				GCC_NO_COMMON_BLOCKS = YES;
				GCC_WARN_64_TO_32_BIT_CONVERSION = YES;
				GCC_WARN_ABOUT_RETURN_TYPE = YES_ERROR;
				GCC_WARN_UNDECLARED_SELECTOR = YES;
				GCC_WARN_UNINITIALIZED_AUTOS = YES_AGGRESSIVE;
				GCC_WARN_UNUSED_FUNCTION = YES;
				GCC_WARN_UNUSED_VARIABLE = YES;
				IPHONEOS_DEPLOYMENT_TARGET = 10.0;
				MTL_ENABLE_DEBUG_INFO = NO;
				SDKROOT = iphoneos;
				SWIFT_OPTIMIZATION_LEVEL = "-Owholemodule";
				VALIDATE_PRODUCT = YES;
			};
			name = Release;
		};
		923698A21D9B204200668B47 /* Debug */ = {
			isa = XCBuildConfiguration;
			buildSettings = {
				ASSETCATALOG_COMPILER_APPICON_NAME = AppIcon;
				INFOPLIST_FILE = iOS_Project/Info.plist;
				LD_RUNPATH_SEARCH_PATHS = "$(inherited) @executable_path/Frameworks";
				PRODUCT_BUNDLE_IDENTIFIER = "com.evcallia.iOS-Project";
				PRODUCT_NAME = "$(TARGET_NAME)";
				SWIFT_VERSION = 3.0;
			};
			name = Debug;
		};
		923698A31D9B204200668B47 /* Release */ = {
			isa = XCBuildConfiguration;
			buildSettings = {
				ASSETCATALOG_COMPILER_APPICON_NAME = AppIcon;
				INFOPLIST_FILE = iOS_Project/Info.plist;
				LD_RUNPATH_SEARCH_PATHS = "$(inherited) @executable_path/Frameworks";
				PRODUCT_BUNDLE_IDENTIFIER = "com.evcallia.iOS-Project";
				PRODUCT_NAME = "$(TARGET_NAME)";
				SWIFT_VERSION = 3.0;
			};
			name = Release;
		};
		923698A51D9B204200668B47 /* Debug */ = {
			isa = XCBuildConfiguration;
			buildSettings = {
				ALWAYS_EMBED_SWIFT_STANDARD_LIBRARIES = YES;
				BUNDLE_LOADER = "$(TEST_HOST)";
				INFOPLIST_FILE = iOS_ProjectTests/Info.plist;
				LD_RUNPATH_SEARCH_PATHS = "$(inherited) @executable_path/Frameworks @loader_path/Frameworks";
				PRODUCT_BUNDLE_IDENTIFIER = "com.evcallia.iOS-ProjectTests";
				PRODUCT_NAME = "$(TARGET_NAME)";
				SWIFT_VERSION = 3.0;
				TEST_HOST = "$(BUILT_PRODUCTS_DIR)/iOS_Project.app/iOS_Project";
			};
			name = Debug;
		};
		923698A61D9B204200668B47 /* Release */ = {
			isa = XCBuildConfiguration;
			buildSettings = {
				ALWAYS_EMBED_SWIFT_STANDARD_LIBRARIES = YES;
				BUNDLE_LOADER = "$(TEST_HOST)";
				INFOPLIST_FILE = iOS_ProjectTests/Info.plist;
				LD_RUNPATH_SEARCH_PATHS = "$(inherited) @executable_path/Frameworks @loader_path/Frameworks";
				PRODUCT_BUNDLE_IDENTIFIER = "com.evcallia.iOS-ProjectTests";
				PRODUCT_NAME = "$(TARGET_NAME)";
				SWIFT_VERSION = 3.0;
				TEST_HOST = "$(BUILT_PRODUCTS_DIR)/iOS_Project.app/iOS_Project";
			};
			name = Release;
		};
		923698A81D9B204200668B47 /* Debug */ = {
			isa = XCBuildConfiguration;
			buildSettings = {
				ALWAYS_EMBED_SWIFT_STANDARD_LIBRARIES = YES;
				INFOPLIST_FILE = iOS_ProjectUITests/Info.plist;
				LD_RUNPATH_SEARCH_PATHS = "$(inherited) @executable_path/Frameworks @loader_path/Frameworks";
				PRODUCT_BUNDLE_IDENTIFIER = "com.evcallia.iOS-ProjectUITests";
				PRODUCT_NAME = "$(TARGET_NAME)";
				SWIFT_VERSION = 3.0;
				TEST_TARGET_NAME = iOS_Project;
			};
			name = Debug;
		};
		923698A91D9B204200668B47 /* Release */ = {
			isa = XCBuildConfiguration;
			buildSettings = {
				ALWAYS_EMBED_SWIFT_STANDARD_LIBRARIES = YES;
				INFOPLIST_FILE = iOS_ProjectUITests/Info.plist;
				LD_RUNPATH_SEARCH_PATHS = "$(inherited) @executable_path/Frameworks @loader_path/Frameworks";
				PRODUCT_BUNDLE_IDENTIFIER = "com.evcallia.iOS-ProjectUITests";
				PRODUCT_NAME = "$(TARGET_NAME)";
				SWIFT_VERSION = 3.0;
				TEST_TARGET_NAME = iOS_Project;
			};
			name = Release;
		};
/* End XCBuildConfiguration section */

/* Begin XCConfigurationList section */
		923698711D9B204200668B47 /* Build configuration list for PBXProject "iOS_Project" */ = {
			isa = XCConfigurationList;
			buildConfigurations = (
				9236989F1D9B204200668B47 /* Debug */,
				923698A01D9B204200668B47 /* Release */,
			);
			defaultConfigurationIsVisible = 0;
			defaultConfigurationName = Release;
		};
		923698A11D9B204200668B47 /* Build configuration list for PBXNativeTarget "iOS_Project" */ = {
			isa = XCConfigurationList;
			buildConfigurations = (
				923698A21D9B204200668B47 /* Debug */,
				923698A31D9B204200668B47 /* Release */,
			);
			defaultConfigurationIsVisible = 0;
			defaultConfigurationName = Release;
		};
		923698A41D9B204200668B47 /* Build configuration list for PBXNativeTarget "iOS_ProjectTests" */ = {
			isa = XCConfigurationList;
			buildConfigurations = (
				923698A51D9B204200668B47 /* Debug */,
				923698A61D9B204200668B47 /* Release */,
			);
			defaultConfigurationIsVisible = 0;
			defaultConfigurationName = Release;
		};
		923698A71D9B204200668B47 /* Build configuration list for PBXNativeTarget "iOS_ProjectUITests" */ = {
			isa = XCConfigurationList;
			buildConfigurations = (
				923698A81D9B204200668B47 /* Debug */,
				923698A91D9B204200668B47 /* Release */,
			);
			defaultConfigurationIsVisible = 0;
			defaultConfigurationName = Release;
		};
/* End XCConfigurationList section */

/* Begin XCVersionGroup section */
		923698801D9B204200668B47 /* iOS_Project.xcdatamodeld */ = {
			isa = XCVersionGroup;
			children = (
				923698811D9B204200668B47 /* iOS_Project.xcdatamodel */,
			);
			currentVersion = 923698811D9B204200668B47 /* iOS_Project.xcdatamodel */;
			path = iOS_Project.xcdatamodeld;
			sourceTree = "<group>";
			versionGroupType = wrapper.xcdatamodel;
		};
/* End XCVersionGroup section */
	};
	rootObject = 9236986E1D9B204200668B47 /* Project object */;
}
